
Microsoft Visual Studio Solution File, Format Version 12.00
# Visual Studio Version 17
VisualStudioVersion = 17.2.32602.215
MinimumVisualStudioVersion = 10.0.40219.1
Project("{8BC9CEB8-8B4A-11D0-8D11-00A0C91BC942}") = "dyn_fun", "dyn_fun\dyn_fun.vcxproj", "{D08257FE-0981-49D1-9664-7573F3FF59AF}"
EndProject
Global
	GlobalSection(SolutionConfigurationPlatforms) = preSolution
		Debug|x64 = Debug|x64
		Debug|x86 = Debug|x86
		Release|x64 = Release|x64
		Release|x86 = Release|x86
	EndGlobalSection
	GlobalSection(ProjectConfigurationPlatforms) = postSolution
		{D08257FE-0981-49D1-9664-7573F3FF59AF}.Debug|x64.ActiveCfg = Debug|x64
		{D08257FE-0981-49D1-9664-7573F3FF59AF}.Debug|x64.Build.0 = Debug|x64
		{D08257FE-0981-49D1-9664-7573F3FF59AF}.Debug|x86.ActiveCfg = Debug|Win32
		{D08257FE-0981-49D1-9664-7573F3FF59AF}.Debug|x86.Build.0 = Debug|Win32
		{D08257FE-0981-49D1-9664-7573F3FF59AF}.Release|x64.ActiveCfg = Release|x64
		{D08257FE-0981-49D1-9664-7573F3FF59AF}.Release|x64.Build.0 = Release|x64
		{D08257FE-0981-49D1-9664-7573F3FF59AF}.Release|x86.ActiveCfg = Release|Win32
		{D08257FE-0981-49D1-9664-7573F3FF59AF}.Release|x86.Build.0 = Release|Win32
	EndGlobalSection
	GlobalSection(SolutionProperties) = preSolution
		HideSolutionNode = FALSE
	EndGlobalSection
	GlobalSection(ExtensibilityGlobals) = postSolution
		SolutionGuid = {3684912A-19C3-47A1-859F-56D547858367}
	EndGlobalSection
EndGlobal
