
Microsoft Visual Studio Solution File, Format Version 12.00
# Visual Studio Version 17
VisualStudioVersion = 17.5.33424.131
MinimumVisualStudioVersion = 10.0.40219.1
Project("{FAE04EC0-301F-11D3-BF4B-00C04F79EFBC}") = "BridgePattern", "BridgePattern\BridgePattern.csproj", "{C9F046C4-06F3-46BE-8BDD-7DD08563EDBF}"
EndProject
Global
	GlobalSection(SolutionConfigurationPlatforms) = preSolution
		Debug|Any CPU = Debug|Any CPU
		Release|Any CPU = Release|Any CPU
	EndGlobalSection
	GlobalSection(ProjectConfigurationPlatforms) = postSolution
		{C9F046C4-06F3-46BE-8BDD-7DD08563EDBF}.Debug|Any CPU.ActiveCfg = Debug|Any CPU
		{C9F046C4-06F3-46BE-8BDD-7DD08563EDBF}.Debug|Any CPU.Build.0 = Debug|Any CPU
		{C9F046C4-06F3-46BE-8BDD-7DD08563EDBF}.Release|Any CPU.ActiveCfg = Release|Any CPU
		{C9F046C4-06F3-46BE-8BDD-7DD08563EDBF}.Release|Any CPU.Build.0 = Release|Any CPU
	EndGlobalSection
	GlobalSection(SolutionProperties) = preSolution
		HideSolutionNode = FALSE
	EndGlobalSection
	GlobalSection(ExtensibilityGlobals) = postSolution
		SolutionGuid = {E74850F7-7EB1-4C4B-AB76-273A8FA1BD3B}
	EndGlobalSection
EndGlobal
