
Microsoft Visual Studio Solution File, Format Version 12.00
# Visual Studio Version 17
VisualStudioVersion = 17.4.33205.214
MinimumVisualStudioVersion = 10.0.40219.1
Project("{FAE04EC0-301F-11D3-BF4B-00C04F79EFBC}") = "Generics_part1_HW", "Generics_part1_HW\Generics_part1_HW.csproj", "{C2B16591-4BBF-4B4B-8865-25A66469DB25}"
EndProject
Global
	GlobalSection(SolutionConfigurationPlatforms) = preSolution
		Debug|Any CPU = Debug|Any CPU
		Release|Any CPU = Release|Any CPU
	EndGlobalSection
	GlobalSection(ProjectConfigurationPlatforms) = postSolution
		{C2B16591-4BBF-4B4B-8865-25A66469DB25}.Debug|Any CPU.ActiveCfg = Debug|Any CPU
		{C2B16591-4BBF-4B4B-8865-25A66469DB25}.Debug|Any CPU.Build.0 = Debug|Any CPU
		{C2B16591-4BBF-4B4B-8865-25A66469DB25}.Release|Any CPU.ActiveCfg = Release|Any CPU
		{C2B16591-4BBF-4B4B-8865-25A66469DB25}.Release|Any CPU.Build.0 = Release|Any CPU
	EndGlobalSection
	GlobalSection(SolutionProperties) = preSolution
		HideSolutionNode = FALSE
	EndGlobalSection
	GlobalSection(ExtensibilityGlobals) = postSolution
		SolutionGuid = {1CA36355-8B54-4119-84F0-C3C09925EAC4}
	EndGlobalSection
EndGlobal
