
Microsoft Visual Studio Solution File, Format Version 12.00
# Visual Studio Version 17
VisualStudioVersion = 17.4.33205.214
MinimumVisualStudioVersion = 10.0.40219.1
Project("{FAE04EC0-301F-11D3-BF4B-00C04F79EFBC}") = "People_ser", "People_ser\People_ser.csproj", "{6C06EB48-4A4D-4492-8C60-71D0E2D4CE5F}"
EndProject
Global
	GlobalSection(SolutionConfigurationPlatforms) = preSolution
		Debug|Any CPU = Debug|Any CPU
		Release|Any CPU = Release|Any CPU
	EndGlobalSection
	GlobalSection(ProjectConfigurationPlatforms) = postSolution
		{6C06EB48-4A4D-4492-8C60-71D0E2D4CE5F}.Debug|Any CPU.ActiveCfg = Debug|Any CPU
		{6C06EB48-4A4D-4492-8C60-71D0E2D4CE5F}.Debug|Any CPU.Build.0 = Debug|Any CPU
		{6C06EB48-4A4D-4492-8C60-71D0E2D4CE5F}.Release|Any CPU.ActiveCfg = Release|Any CPU
		{6C06EB48-4A4D-4492-8C60-71D0E2D4CE5F}.Release|Any CPU.Build.0 = Release|Any CPU
	EndGlobalSection
	GlobalSection(SolutionProperties) = preSolution
		HideSolutionNode = FALSE
	EndGlobalSection
	GlobalSection(ExtensibilityGlobals) = postSolution
		SolutionGuid = {28FF569A-91E6-4298-8FD6-FA332521F0CF}
	EndGlobalSection
EndGlobal
