
Microsoft Visual Studio Solution File, Format Version 12.00
# Visual Studio Version 17
VisualStudioVersion = 17.4.33205.214
MinimumVisualStudioVersion = 10.0.40219.1
Project("{FAE04EC0-301F-11D3-BF4B-00C04F79EFBC}") = "serialization_HW", "serialization_HW\serialization_HW.csproj", "{5A7F3584-00CE-4C7B-9EF0-71413F08F381}"
EndProject
Global
	GlobalSection(SolutionConfigurationPlatforms) = preSolution
		Debug|Any CPU = Debug|Any CPU
		Release|Any CPU = Release|Any CPU
	EndGlobalSection
	GlobalSection(ProjectConfigurationPlatforms) = postSolution
		{5A7F3584-00CE-4C7B-9EF0-71413F08F381}.Debug|Any CPU.ActiveCfg = Debug|Any CPU
		{5A7F3584-00CE-4C7B-9EF0-71413F08F381}.Debug|Any CPU.Build.0 = Debug|Any CPU
		{5A7F3584-00CE-4C7B-9EF0-71413F08F381}.Release|Any CPU.ActiveCfg = Release|Any CPU
		{5A7F3584-00CE-4C7B-9EF0-71413F08F381}.Release|Any CPU.Build.0 = Release|Any CPU
	EndGlobalSection
	GlobalSection(SolutionProperties) = preSolution
		HideSolutionNode = FALSE
	EndGlobalSection
	GlobalSection(ExtensibilityGlobals) = postSolution
		SolutionGuid = {4B034F07-9CA4-4460-A36A-167B95B5F710}
	EndGlobalSection
EndGlobal
