
Microsoft Visual Studio Solution File, Format Version 12.00
# Visual Studio Version 17
VisualStudioVersion = 17.2.32602.215
MinimumVisualStudioVersion = 10.0.40219.1
Project("{8BC9CEB8-8B4A-11D0-8D11-00A0C91BC942}") = "rpg_mf", "rpg_mf\rpg_mf.vcxproj", "{0F846745-5A1C-4C48-8F6B-A7EF46B07A9D}"
EndProject
Global
	GlobalSection(SolutionConfigurationPlatforms) = preSolution
		Debug|x64 = Debug|x64
		Debug|x86 = Debug|x86
		Release|x64 = Release|x64
		Release|x86 = Release|x86
	EndGlobalSection
	GlobalSection(ProjectConfigurationPlatforms) = postSolution
		{0F846745-5A1C-4C48-8F6B-A7EF46B07A9D}.Debug|x64.ActiveCfg = Debug|x64
		{0F846745-5A1C-4C48-8F6B-A7EF46B07A9D}.Debug|x64.Build.0 = Debug|x64
		{0F846745-5A1C-4C48-8F6B-A7EF46B07A9D}.Debug|x86.ActiveCfg = Debug|Win32
		{0F846745-5A1C-4C48-8F6B-A7EF46B07A9D}.Debug|x86.Build.0 = Debug|Win32
		{0F846745-5A1C-4C48-8F6B-A7EF46B07A9D}.Release|x64.ActiveCfg = Release|x64
		{0F846745-5A1C-4C48-8F6B-A7EF46B07A9D}.Release|x64.Build.0 = Release|x64
		{0F846745-5A1C-4C48-8F6B-A7EF46B07A9D}.Release|x86.ActiveCfg = Release|Win32
		{0F846745-5A1C-4C48-8F6B-A7EF46B07A9D}.Release|x86.Build.0 = Release|Win32
	EndGlobalSection
	GlobalSection(SolutionProperties) = preSolution
		HideSolutionNode = FALSE
	EndGlobalSection
	GlobalSection(ExtensibilityGlobals) = postSolution
		SolutionGuid = {D7B72053-7954-4A3C-92A6-BC8FC82A28C7}
	EndGlobalSection
EndGlobal
