
Microsoft Visual Studio Solution File, Format Version 12.00
# Visual Studio Version 17
VisualStudioVersion = 17.5.33424.131
MinimumVisualStudioVersion = 10.0.40219.1
Project("{FAE04EC0-301F-11D3-BF4B-00C04F79EFBC}") = "CountriesEF_HW", "CountriesEF_HW\CountriesEF_HW.csproj", "{F1E6875F-D9AF-4B9D-B619-7422F249BA99}"
EndProject
Global
	GlobalSection(SolutionConfigurationPlatforms) = preSolution
		Debug|Any CPU = Debug|Any CPU
		Release|Any CPU = Release|Any CPU
	EndGlobalSection
	GlobalSection(ProjectConfigurationPlatforms) = postSolution
		{F1E6875F-D9AF-4B9D-B619-7422F249BA99}.Debug|Any CPU.ActiveCfg = Debug|Any CPU
		{F1E6875F-D9AF-4B9D-B619-7422F249BA99}.Debug|Any CPU.Build.0 = Debug|Any CPU
		{F1E6875F-D9AF-4B9D-B619-7422F249BA99}.Release|Any CPU.ActiveCfg = Release|Any CPU
		{F1E6875F-D9AF-4B9D-B619-7422F249BA99}.Release|Any CPU.Build.0 = Release|Any CPU
	EndGlobalSection
	GlobalSection(SolutionProperties) = preSolution
		HideSolutionNode = FALSE
	EndGlobalSection
	GlobalSection(ExtensibilityGlobals) = postSolution
		SolutionGuid = {B89C843F-A4C8-4571-883E-B81990496975}
	EndGlobalSection
EndGlobal
