
Microsoft Visual Studio Solution File, Format Version 12.00
# Visual Studio Version 17
VisualStudioVersion = 17.8.34322.80
MinimumVisualStudioVersion = 10.0.40219.1
Project("{FAE04EC0-301F-11D3-BF4B-00C04F79EFBC}") = "AzureMVC_Project", "AzureMVC_Project\AzureMVC_Project.csproj", "{B0693E19-587A-4DFA-B4DC-D483FBD3C37F}"
EndProject
Global
	GlobalSection(SolutionConfigurationPlatforms) = preSolution
		Debug|Any CPU = Debug|Any CPU
		Release|Any CPU = Release|Any CPU
	EndGlobalSection
	GlobalSection(ProjectConfigurationPlatforms) = postSolution
		{B0693E19-587A-4DFA-B4DC-D483FBD3C37F}.Debug|Any CPU.ActiveCfg = Debug|Any CPU
		{B0693E19-587A-4DFA-B4DC-D483FBD3C37F}.Debug|Any CPU.Build.0 = Debug|Any CPU
		{B0693E19-587A-4DFA-B4DC-D483FBD3C37F}.Release|Any CPU.ActiveCfg = Release|Any CPU
		{B0693E19-587A-4DFA-B4DC-D483FBD3C37F}.Release|Any CPU.Build.0 = Release|Any CPU
	EndGlobalSection
	GlobalSection(SolutionProperties) = preSolution
		HideSolutionNode = FALSE
	EndGlobalSection
	GlobalSection(ExtensibilityGlobals) = postSolution
		SolutionGuid = {E04327C5-994E-4761-9470-996073EAF07E}
	EndGlobalSection
EndGlobal
