
Microsoft Visual Studio Solution File, Format Version 12.00
# Visual Studio Version 17
VisualStudioVersion = 17.2.32602.215
MinimumVisualStudioVersion = 10.0.40219.1
Project("{8BC9CEB8-8B4A-11D0-8D11-00A0C91BC942}") = "store", "store\store.vcxproj", "{E480ED3E-31BF-483F-8A8D-755D1CDF3085}"
EndProject
Global
	GlobalSection(SolutionConfigurationPlatforms) = preSolution
		Debug|x64 = Debug|x64
		Debug|x86 = Debug|x86
		Release|x64 = Release|x64
		Release|x86 = Release|x86
	EndGlobalSection
	GlobalSection(ProjectConfigurationPlatforms) = postSolution
		{E480ED3E-31BF-483F-8A8D-755D1CDF3085}.Debug|x64.ActiveCfg = Debug|x64
		{E480ED3E-31BF-483F-8A8D-755D1CDF3085}.Debug|x64.Build.0 = Debug|x64
		{E480ED3E-31BF-483F-8A8D-755D1CDF3085}.Debug|x86.ActiveCfg = Debug|Win32
		{E480ED3E-31BF-483F-8A8D-755D1CDF3085}.Debug|x86.Build.0 = Debug|Win32
		{E480ED3E-31BF-483F-8A8D-755D1CDF3085}.Release|x64.ActiveCfg = Release|x64
		{E480ED3E-31BF-483F-8A8D-755D1CDF3085}.Release|x64.Build.0 = Release|x64
		{E480ED3E-31BF-483F-8A8D-755D1CDF3085}.Release|x86.ActiveCfg = Release|Win32
		{E480ED3E-31BF-483F-8A8D-755D1CDF3085}.Release|x86.Build.0 = Release|Win32
	EndGlobalSection
	GlobalSection(SolutionProperties) = preSolution
		HideSolutionNode = FALSE
	EndGlobalSection
	GlobalSection(ExtensibilityGlobals) = postSolution
		SolutionGuid = {8A09F0D0-0FD8-4969-B123-9041201D827A}
	EndGlobalSection
EndGlobal
