
Microsoft Visual Studio Solution File, Format Version 12.00
# Visual Studio Version 17
VisualStudioVersion = 17.5.33424.131
MinimumVisualStudioVersion = 10.0.40219.1
Project("{9A19103F-16F7-4668-BE54-9A1E7A4F7556}") = "ECommerceApp_Client", "ECommerceApp_Client\ECommerceApp_Client.csproj", "{ECC13830-158B-45AA-922C-D8ED843DA2D9}"
EndProject
Project("{9A19103F-16F7-4668-BE54-9A1E7A4F7556}") = "ECommerceApp_Admin", "ECommerceApp_Admin\ECommerceApp_Admin.csproj", "{01FEF679-63B4-48C7-A090-4895B7DDC5BD}"
EndProject
Global
	GlobalSection(SolutionConfigurationPlatforms) = preSolution
		Debug|Any CPU = Debug|Any CPU
		Release|Any CPU = Release|Any CPU
	EndGlobalSection
	GlobalSection(ProjectConfigurationPlatforms) = postSolution
		{ECC13830-158B-45AA-922C-D8ED843DA2D9}.Debug|Any CPU.ActiveCfg = Debug|Any CPU
		{ECC13830-158B-45AA-922C-D8ED843DA2D9}.Debug|Any CPU.Build.0 = Debug|Any CPU
		{ECC13830-158B-45AA-922C-D8ED843DA2D9}.Release|Any CPU.ActiveCfg = Release|Any CPU
		{ECC13830-158B-45AA-922C-D8ED843DA2D9}.Release|Any CPU.Build.0 = Release|Any CPU
		{01FEF679-63B4-48C7-A090-4895B7DDC5BD}.Debug|Any CPU.ActiveCfg = Debug|Any CPU
		{01FEF679-63B4-48C7-A090-4895B7DDC5BD}.Debug|Any CPU.Build.0 = Debug|Any CPU
		{01FEF679-63B4-48C7-A090-4895B7DDC5BD}.Release|Any CPU.ActiveCfg = Release|Any CPU
		{01FEF679-63B4-48C7-A090-4895B7DDC5BD}.Release|Any CPU.Build.0 = Release|Any CPU
	EndGlobalSection
	GlobalSection(SolutionProperties) = preSolution
		HideSolutionNode = FALSE
	EndGlobalSection
	GlobalSection(ExtensibilityGlobals) = postSolution
		SolutionGuid = {5E136C7C-9E9C-4B12-A538-BC8D491BC986}
	EndGlobalSection
EndGlobal
