
Microsoft Visual Studio Solution File, Format Version 12.00
# Visual Studio Version 17
VisualStudioVersion = 17.4.33205.214
MinimumVisualStudioVersion = 10.0.40219.1
Project("{FAE04EC0-301F-11D3-BF4B-00C04F79EFBC}") = "Prac_300Buckes", "Prac_300Buckes\Prac_300Buckes.csproj", "{F09CC045-1C9C-41D6-BC36-439523441DAB}"
EndProject
Global
	GlobalSection(SolutionConfigurationPlatforms) = preSolution
		Debug|Any CPU = Debug|Any CPU
		Release|Any CPU = Release|Any CPU
	EndGlobalSection
	GlobalSection(ProjectConfigurationPlatforms) = postSolution
		{F09CC045-1C9C-41D6-BC36-439523441DAB}.Debug|Any CPU.ActiveCfg = Debug|Any CPU
		{F09CC045-1C9C-41D6-BC36-439523441DAB}.Debug|Any CPU.Build.0 = Debug|Any CPU
		{F09CC045-1C9C-41D6-BC36-439523441DAB}.Release|Any CPU.ActiveCfg = Release|Any CPU
		{F09CC045-1C9C-41D6-BC36-439523441DAB}.Release|Any CPU.Build.0 = Release|Any CPU
	EndGlobalSection
	GlobalSection(SolutionProperties) = preSolution
		HideSolutionNode = FALSE
	EndGlobalSection
	GlobalSection(ExtensibilityGlobals) = postSolution
		SolutionGuid = {CA06962C-E4B1-4B4A-8EF4-44224413ACBF}
	EndGlobalSection
EndGlobal
