
Microsoft Visual Studio Solution File, Format Version 12.00
# Visual Studio Version 17
VisualStudioVersion = 17.4.33205.214
MinimumVisualStudioVersion = 10.0.40219.1
Project("{FAE04EC0-301F-11D3-BF4B-00C04F79EFBC}") = "Matrixes", "Matrixes\Matrixes.csproj", "{BA255EBD-05F6-4AF4-9B7E-6887EE42F6D5}"
EndProject
Global
	GlobalSection(SolutionConfigurationPlatforms) = preSolution
		Debug|Any CPU = Debug|Any CPU
		Release|Any CPU = Release|Any CPU
	EndGlobalSection
	GlobalSection(ProjectConfigurationPlatforms) = postSolution
		{BA255EBD-05F6-4AF4-9B7E-6887EE42F6D5}.Debug|Any CPU.ActiveCfg = Debug|Any CPU
		{BA255EBD-05F6-4AF4-9B7E-6887EE42F6D5}.Debug|Any CPU.Build.0 = Debug|Any CPU
		{BA255EBD-05F6-4AF4-9B7E-6887EE42F6D5}.Release|Any CPU.ActiveCfg = Release|Any CPU
		{BA255EBD-05F6-4AF4-9B7E-6887EE42F6D5}.Release|Any CPU.Build.0 = Release|Any CPU
	EndGlobalSection
	GlobalSection(SolutionProperties) = preSolution
		HideSolutionNode = FALSE
	EndGlobalSection
	GlobalSection(ExtensibilityGlobals) = postSolution
		SolutionGuid = {9DD76434-EE23-48C0-9E9D-AF964B3F89B6}
	EndGlobalSection
EndGlobal
